// !$*UTF8*$!
{
	archiveVersion = 1;
	classes = {
	};
	objectVersion = 50;
	objects = {

/* Begin PBXBuildFile section */
		0338748C257B082900182E2E /* AppDelegate.swift in Sources */ = {isa = PBXBuildFile; fileRef = 0338748B257B082900182E2E /* AppDelegate.swift */; };
		0338748E257B082900182E2E /* SceneDelegate.swift in Sources */ = {isa = PBXBuildFile; fileRef = 0338748D257B082900182E2E /* SceneDelegate.swift */; };
		03387490257B082900182E2E /* MinimapViewController.swift in Sources */ = {isa = PBXBuildFile; fileRef = 0338748F257B082900182E2E /* MinimapViewController.swift */; };
		03387493257B082900182E2E /* Main.storyboard in Resources */ = {isa = PBXBuildFile; fileRef = 03387491257B082900182E2E /* Main.storyboard */; };
		03387495257B082B00182E2E /* Assets.xcassets in Resources */ = {isa = PBXBuildFile; fileRef = 03387494257B082B00182E2E /* Assets.xcassets */; };
		03387498257B082B00182E2E /* LaunchScreen.storyboard in Resources */ = {isa = PBXBuildFile; fileRef = 03387496257B082B00182E2E /* LaunchScreen.storyboard */; };
		033874A2257B811F00182E2E /* ScrollViewMinimap.swift in Sources */ = {isa = PBXBuildFile; fileRef = 033874A1257B811F00182E2E /* ScrollViewMinimap.swift */; };
/* End PBXBuildFile section */

/* Begin PBXFileReference section */
		03387488257B082900182E2E /* ScrollViewMinimap.app */ = {isa = PBXFileReference; explicitFileType = wrapper.application; includeInIndex = 0; path = ScrollViewMinimap.app; sourceTree = BUILT_PRODUCTS_DIR; };
		0338748B257B082900182E2E /* AppDelegate.swift */ = {isa = PBXFileReference; lastKnownFileType = sourcecode.swift; path = AppDelegate.swift; sourceTree = "<group>"; };
		0338748D257B082900182E2E /* SceneDelegate.swift */ = {isa = PBXFileReference; lastKnownFileType = sourcecode.swift; path = SceneDelegate.swift; sourceTree = "<group>"; };
		0338748F257B082900182E2E /* MinimapViewController.swift */ = {isa = PBXFileReference; lastKnownFileType = sourcecode.swift; path = MinimapViewController.swift; sourceTree = "<group>"; };
		03387492257B082900182E2E /* Base */ = {isa = PBXFileReference; lastKnownFileType = file.storyboard; name = Base; path = Base.lproj/Main.storyboard; sourceTree = "<group>"; };
		03387494257B082B00182E2E /* Assets.xcassets */ = {isa = PBXFileReference; lastKnownFileType = folder.assetcatalog; path = Assets.xcassets; sourceTree = "<group>"; };
		03387497257B082B00182E2E /* Base */ = {isa = PBXFileReference; lastKnownFileType = file.storyboard; name = Base; path = Base.lproj/LaunchScreen.storyboard; sourceTree = "<group>"; };
		03387499257B082B00182E2E /* Info.plist */ = {isa = PBXFileReference; lastKnownFileType = text.plist.xml; path = Info.plist; sourceTree = "<group>"; };
		033874A1257B811F00182E2E /* ScrollViewMinimap.swift */ = {isa = PBXFileReference; lastKnownFileType = sourcecode.swift; path = ScrollViewMinimap.swift; sourceTree = "<group>"; };
/* End PBXFileReference section */

/* Begin PBXFrameworksBuildPhase section */
		03387485257B082900182E2E /* Frameworks */ = {
			isa = PBXFrameworksBuildPhase;
			buildActionMask = 2147483647;
			files = (
			);
			runOnlyForDeploymentPostprocessing = 0;
		};
/* End PBXFrameworksBuildPhase section */

/* Begin PBXGroup section */
		0338747F257B082900182E2E = {
			isa = PBXGroup;
			children = (
				0338748A257B082900182E2E /* ScrollViewMinimap */,
				03387489257B082900182E2E /* Products */,
			);
			sourceTree = "<group>";
		};
		03387489257B082900182E2E /* Products */ = {
			isa = PBXGroup;
			children = (
				03387488257B082900182E2E /* ScrollViewMinimap.app */,
			);
			name = Products;
			sourceTree = "<group>";
		};
		0338748A257B082900182E2E /* ScrollViewMinimap */ = {
			isa = PBXGroup;
			children = (
				0338748B257B082900182E2E /* AppDelegate.swift */,
				0338748D257B082900182E2E /* SceneDelegate.swift */,
				0338748F257B082900182E2E /* MinimapViewController.swift */,
				033874A1257B811F00182E2E /* ScrollViewMinimap.swift */,
				03387494257B082B00182E2E /* Assets.xcassets */,
				03387491257B082900182E2E /* Main.storyboard */,
				03387496257B082B00182E2E /* LaunchScreen.storyboard */,
				03387499257B082B00182E2E /* Info.plist */,
			);
			path = ScrollViewMinimap;
			sourceTree = "<group>";
		};
/* End PBXGroup section */

/* Begin PBXNativeTarget section */
		03387487257B082900182E2E /* ScrollViewMinimap */ = {
			isa = PBXNativeTarget;
			buildConfigurationList = 0338749C257B082B00182E2E /* Build configuration list for PBXNativeTarget "ScrollViewMinimap" */;
			buildPhases = (
				03387484257B082900182E2E /* Sources */,
				03387485257B082900182E2E /* Frameworks */,
				03387486257B082900182E2E /* Resources */,
			);
			buildRules = (
			);
			dependencies = (
			);
			name = ScrollViewMinimap;
			productName = ScrollViewMinimap;
			productReference = 03387488257B082900182E2E /* ScrollViewMinimap.app */;
			productType = "com.apple.product-type.application";
		};
/* End PBXNativeTarget section */

/* Begin PBXProject section */
		03387480257B082900182E2E /* Project object */ = {
			isa = PBXProject;
			attributes = {
				LastSwiftUpdateCheck = 1220;
				LastUpgradeCheck = 1220;
				TargetAttributes = {
					03387487257B082900182E2E = {
						CreatedOnToolsVersion = 12.2;
					};
				};
			};
			buildConfigurationList = 03387483257B082900182E2E /* Build configuration list for PBXProject "ScrollViewMinimap" */;
			compatibilityVersion = "Xcode 9.3";
			developmentRegion = en;
			hasScannedForEncodings = 0;
			knownRegions = (
				en,
				Base,
			);
			mainGroup = 0338747F257B082900182E2E;
			productRefGroup = 03387489257B082900182E2E /* Products */;
			projectDirPath = "";
			projectRoot = "";
			targets = (
				03387487257B082900182E2E /* ScrollViewMinimap */,
			);
		};
/* End PBXProject section */

/* Begin PBXResourcesBuildPhase section */
		03387486257B082900182E2E /* Resources */ = {
			isa = PBXResourcesBuildPhase;
			buildActionMask = 2147483647;
			files = (
				03387498257B082B00182E2E /* LaunchScreen.storyboard in Resources */,
				03387495257B082B00182E2E /* Assets.xcassets in Resources */,
				03387493257B082900182E2E /* Main.storyboard in Resources */,
			);
			runOnlyForDeploymentPostprocessing = 0;
		};
/* End PBXResourcesBuildPhase section */

/* Begin PBXSourcesBuildPhase section */
		03387484257B082900182E2E /* Sources */ = {
			isa = PBXSourcesBuildPhase;
			buildActionMask = 2147483647;
			files = (
				03387490257B082900182E2E /* MinimapViewController.swift in Sources */,
				0338748C257B082900182E2E /* AppDelegate.swift in Sources */,
				0338748E257B082900182E2E /* SceneDelegate.swift in Sources */,
				033874A2257B811F00182E2E /* ScrollViewMinimap.swift in Sources */,
			);
			runOnlyForDeploymentPostprocessing = 0;
		};
/* End PBXSourcesBuildPhase section */

/* Begin PBXVariantGroup section */
		03387491257B082900182E2E /* Main.storyboard */ = {
			isa = PBXVariantGroup;
			children = (
				03387492257B082900182E2E /* Base */,
			);
			name = Main.storyboard;
			sourceTree = "<group>";
		};
		03387496257B082B00182E2E /* LaunchScreen.storyboard */ = {
			isa = PBXVariantGroup;
			children = (
				03387497257B082B00182E2E /* Base */,
			);
			name = LaunchScreen.storyboard;
			sourceTree = "<group>";
		};
/* End PBXVariantGroup section */

/* Begin XCBuildConfiguration section */
		0338749A257B082B00182E2E /* Debug */ = {
			isa = XCBuildConfiguration;
			buildSettings = {
				ALWAYS_SEARCH_USER_PATHS = NO;
				CLANG_ANALYZER_NONNULL = YES;
				CLANG_ANALYZER_NUMBER_OBJECT_CONVERSION = YES_AGGRESSIVE;
				CLANG_CXX_LANGUAGE_STANDARD = "gnu++14";
				CLANG_CXX_LIBRARY = "libc++";
				CLANG_ENABLE_MODULES = YES;
				CLANG_ENABLE_OBJC_ARC = YES;
				CLANG_ENABLE_OBJC_WEAK = YES;
				CLANG_WARN_BLOCK_CAPTURE_AUTORELEASING = YES;
				CLANG_WARN_BOOL_CONVERSION = YES;
				CLANG_WARN_COMMA = YES;
				CLANG_WARN_CONSTANT_CONVERSION = YES;
				CLANG_WARN_DEPRECATED_OBJC_IMPLEMENTATIONS = YES;
				CLANG_WARN_DIRECT_OBJC_ISA_USAGE = YES_ERROR;
				CLANG_WARN_DOCUMENTATION_COMMENTS = YES;
				CLANG_WARN_EMPTY_BODY = YES;
				CLANG_WARN_ENUM_CONVERSION = YES;
				CLANG_WARN_INFINITE_RECURSION = YES;
				CLANG_WARN_INT_CONVERSION = YES;
				CLANG_WARN_NON_LITERAL_NULL_CONVERSION = YES;
				CLANG_WARN_OBJC_IMPLICIT_RETAIN_SELF = YES;
				CLANG_WARN_OBJC_LITERAL_CONVERSION = YES;
				CLANG_WARN_OBJC_ROOT_CLASS = YES_ERROR;
				CLANG_WARN_QUOTED_INCLUDE_IN_FRAMEWORK_HEADER = YES;
				CLANG_WARN_RANGE_LOOP_ANALYSIS = YES;
				CLANG_WARN_STRICT_PROTOTYPES = YES;
				CLANG_WARN_SUSPICIOUS_MOVE = YES;
				CLANG_WARN_UNGUARDED_AVAILABILITY = YES_AGGRESSIVE;
				CLANG_WARN_UNREACHABLE_CODE = YES;
				CLANG_WARN__DUPLICATE_METHOD_MATCH = YES;
				COPY_PHASE_STRIP = NO;
				CURRENT_PROJECT_VERSION = 1.0.0;
				DEBUG_INFORMATION_FORMAT = dwarf;
				ENABLE_STRICT_OBJC_MSGSEND = YES;
				ENABLE_TESTABILITY = YES;
				GCC_C_LANGUAGE_STANDARD = gnu11;
				GCC_DYNAMIC_NO_PIC = NO;
				GCC_NO_COMMON_BLOCKS = YES;
				GCC_OPTIMIZATION_LEVEL = 0;
				GCC_PREPROCESSOR_DEFINITIONS = (
					"DEBUG=1",
					"$(inherited)",
				);
				GCC_WARN_64_TO_32_BIT_CONVERSION = YES;
				GCC_WARN_ABOUT_RETURN_TYPE = YES_ERROR;
				GCC_WARN_UNDECLARED_SELECTOR = YES;
				GCC_WARN_UNINITIALIZED_AUTOS = YES_AGGRESSIVE;
				GCC_WARN_UNUSED_FUNCTION = YES;
				GCC_WARN_UNUSED_VARIABLE = YES;
				IPHONEOS_DEPLOYMENT_TARGET = 12.0;
				MARKETING_VERSION = 1.0.0;
				MTL_ENABLE_DEBUG_INFO = INCLUDE_SOURCE;
				MTL_FAST_MATH = YES;
				ONLY_ACTIVE_ARCH = YES;
				SDKROOT = iphoneos;
				SWIFT_ACTIVE_COMPILATION_CONDITIONS = DEBUG;
				SWIFT_OPTIMIZATION_LEVEL = "-Onone";
				SWIFT_VERSION = 5.0;
			};
			name = Debug;
		};
		0338749B257B082B00182E2E /* Release */ = {
			isa = XCBuildConfiguration;
			buildSettings = {
				ALWAYS_SEARCH_USER_PATHS = NO;
				CLANG_ANALYZER_NONNULL = YES;
				CLANG_ANALYZER_NUMBER_OBJECT_CONVERSION = YES_AGGRESSIVE;
				CLANG_CXX_LANGUAGE_STANDARD = "gnu++14";
				CLANG_CXX_LIBRARY = "libc++";
				CLANG_ENABLE_MODULES = YES;
				CLANG_ENABLE_OBJC_ARC = YES;
				CLANG_ENABLE_OBJC_WEAK = YES;
				CLANG_WARN_BLOCK_CAPTURE_AUTORELEASING = YES;
				CLANG_WARN_BOOL_CONVERSION = YES;
				CLANG_WARN_COMMA = YES;
				CLANG_WARN_CONSTANT_CONVERSION = YES;
				CLANG_WARN_DEPRECATED_OBJC_IMPLEMENTATIONS = YES;
				CLANG_WARN_DIRECT_OBJC_ISA_USAGE = YES_ERROR;
				CLANG_WARN_DOCUMENTATION_COMMENTS = YES;
				CLANG_WARN_EMPTY_BODY = YES;
				CLANG_WARN_ENUM_CONVERSION = YES;
				CLANG_WARN_INFINITE_RECURSION = YES;
				CLANG_WARN_INT_CONVERSION = YES;
				CLANG_WARN_NON_LITERAL_NULL_CONVERSION = YES;
				CLANG_WARN_OBJC_IMPLICIT_RETAIN_SELF = YES;
				CLANG_WARN_OBJC_LITERAL_CONVERSION = YES;
				CLANG_WARN_OBJC_ROOT_CLASS = YES_ERROR;
				CLANG_WARN_QUOTED_INCLUDE_IN_FRAMEWORK_HEADER = YES;
				CLANG_WARN_RANGE_LOOP_ANALYSIS = YES;
				CLANG_WARN_STRICT_PROTOTYPES = YES;
				CLANG_WARN_SUSPICIOUS_MOVE = YES;
				CLANG_WARN_UNGUARDED_AVAILABILITY = YES_AGGRESSIVE;
				CLANG_WARN_UNREACHABLE_CODE = YES;
				CLANG_WARN__DUPLICATE_METHOD_MATCH = YES;
				COPY_PHASE_STRIP = NO;
				CURRENT_PROJECT_VERSION = 1.0.0;
				DEBUG_INFORMATION_FORMAT = "dwarf-with-dsym";
				ENABLE_NS_ASSERTIONS = NO;
				ENABLE_STRICT_OBJC_MSGSEND = YES;
				GCC_C_LANGUAGE_STANDARD = gnu11;
				GCC_NO_COMMON_BLOCKS = YES;
				GCC_WARN_64_TO_32_BIT_CONVERSION = YES;
				GCC_WARN_ABOUT_RETURN_TYPE = YES_ERROR;
				GCC_WARN_UNDECLARED_SELECTOR = YES;
				GCC_WARN_UNINITIALIZED_AUTOS = YES_AGGRESSIVE;
				GCC_WARN_UNUSED_FUNCTION = YES;
				GCC_WARN_UNUSED_VARIABLE = YES;
				IPHONEOS_DEPLOYMENT_TARGET = 12.0;
				MARKETING_VERSION = 1.0.0;
				MTL_ENABLE_DEBUG_INFO = NO;
				MTL_FAST_MATH = YES;
				SDKROOT = iphoneos;
				SWIFT_COMPILATION_MODE = wholemodule;
				SWIFT_OPTIMIZATION_LEVEL = "-O";
				SWIFT_VERSION = 5.0;
				VALIDATE_PRODUCT = YES;
			};
			name = Release;
		};
		0338749D257B082B00182E2E /* Debug */ = {
			isa = XCBuildConfiguration;
			buildSettings = {
				ASSETCATALOG_COMPILER_APPICON_NAME = AppIcon;
				ASSETCATALOG_COMPILER_GLOBAL_ACCENT_COLOR_NAME = AccentColor;
				CODE_SIGN_STYLE = Automatic;
				DEVELOPMENT_TEAM = 4R2WCG677U;
				INFOPLIST_FILE = ScrollViewMinimap/Info.plist;
				LD_RUNPATH_SEARCH_PATHS = (
					"$(inherited)",
					"@executable_path/Frameworks",
				);
				MARKETING_VERSION = 1.0.0;
				PRODUCT_BUNDLE_IDENTIFIER = com.nicoelayda.ScrollViewMinimap;
				PRODUCT_NAME = "$(TARGET_NAME)";
				TARGETED_DEVICE_FAMILY = "1,2";
			};
			name = Debug;
		};
		0338749E257B082B00182E2E /* Release */ = {
			isa = XCBuildConfiguration;
			buildSettings = {
				ASSETCATALOG_COMPILER_APPICON_NAME = AppIcon;
				ASSETCATALOG_COMPILER_GLOBAL_ACCENT_COLOR_NAME = AccentColor;
				CODE_SIGN_STYLE = Automatic;
				DEVELOPMENT_TEAM = 4R2WCG677U;
				INFOPLIST_FILE = ScrollViewMinimap/Info.plist;
				LD_RUNPATH_SEARCH_PATHS = (
					"$(inherited)",
					"@executable_path/Frameworks",
				);
				MARKETING_VERSION = 1.0.0;
				PRODUCT_BUNDLE_IDENTIFIER = com.nicoelayda.ScrollViewMinimap;
				PRODUCT_NAME = "$(TARGET_NAME)";
				TARGETED_DEVICE_FAMILY = "1,2";
			};
			name = Release;
		};
/* End XCBuildConfiguration section */

/* Begin XCConfigurationList section */
		03387483257B082900182E2E /* Build configuration list for PBXProject "ScrollViewMinimap" */ = {
			isa = XCConfigurationList;
			buildConfigurations = (
				0338749A257B082B00182E2E /* Debug */,
				0338749B257B082B00182E2E /* Release */,
			);
			defaultConfigurationIsVisible = 0;
			defaultConfigurationName = Release;
		};
		0338749C257B082B00182E2E /* Build configuration list for PBXNativeTarget "ScrollViewMinimap" */ = {
			isa = XCConfigurationList;
			buildConfigurations = (
				0338749D257B082B00182E2E /* Debug */,
				0338749E257B082B00182E2E /* Release */,
			);
			defaultConfigurationIsVisible = 0;
			defaultConfigurationName = Release;
		};
/* End XCConfigurationList section */
	};
	rootObject = 03387480257B082900182E2E /* Project object */;
}
